
Microsoft Visual Studio Solution File, Format Version 12.00
# Visual Studio 2013
VisualStudioVersion = 12.0.21005.1
MinimumVisualStudioVersion = 10.0.40219.1
Project("{FAE04EC0-301F-11D3-BF4B-00C04F79EFBC}") = "AgentSensorFace", "AgentSensorFace\AgentSensorFace.csproj", "{9D7C0A87-7786-4AAA-98F4-35019EB9524F}"
EndProject
Project("{FAE04EC0-301F-11D3-BF4B-00C04F79EFBC}") = "AgentSensorFaceLib", "AgentSensorFaceLib\AgentSensorFaceLib.csproj", "{C4DE9D3B-5198-4E3B-8757-173EEF174CFC}"
EndProject
Project("{6141683F-8A12-4E36-9623-2EB02B2C2303}") = "Setup", "Setup\Setup.isproj", "{2B3998FE-16A5-464D-A32D-4E0A613B47FD}"
	ProjectSection(ProjectDependencies) = postProject
		{C4DE9D3B-5198-4E3B-8757-173EEF174CFC} = {C4DE9D3B-5198-4E3B-8757-173EEF174CFC}
		{9D7C0A87-7786-4AAA-98F4-35019EB9524F} = {9D7C0A87-7786-4AAA-98F4-35019EB9524F}
	EndProjectSection
EndProject
Global
	GlobalSection(SolutionConfigurationPlatforms) = preSolution
		CD_ROM|Any CPU = CD_ROM|Any CPU
		Debug|Any CPU = Debug|Any CPU
		DVD-5|Any CPU = DVD-5|Any CPU
		Release|Any CPU = Release|Any CPU
		SingleImage|Any CPU = SingleImage|Any CPU
	EndGlobalSection
	GlobalSection(ProjectConfigurationPlatforms) = postSolution
		{9D7C0A87-7786-4AAA-98F4-35019EB9524F}.CD_ROM|Any CPU.ActiveCfg = Release|Any CPU
		{9D7C0A87-7786-4AAA-98F4-35019EB9524F}.CD_ROM|Any CPU.Build.0 = Release|Any CPU
		{9D7C0A87-7786-4AAA-98F4-35019EB9524F}.Debug|Any CPU.ActiveCfg = Debug|Any CPU
		{9D7C0A87-7786-4AAA-98F4-35019EB9524F}.Debug|Any CPU.Build.0 = Debug|Any CPU
		{9D7C0A87-7786-4AAA-98F4-35019EB9524F}.DVD-5|Any CPU.ActiveCfg = Debug|Any CPU
		{9D7C0A87-7786-4AAA-98F4-35019EB9524F}.DVD-5|Any CPU.Build.0 = Debug|Any CPU
		{9D7C0A87-7786-4AAA-98F4-35019EB9524F}.Release|Any CPU.ActiveCfg = Release|Any CPU
		{9D7C0A87-7786-4AAA-98F4-35019EB9524F}.Release|Any CPU.Build.0 = Release|Any CPU
		{9D7C0A87-7786-4AAA-98F4-35019EB9524F}.SingleImage|Any CPU.ActiveCfg = Release|Any CPU
		{9D7C0A87-7786-4AAA-98F4-35019EB9524F}.SingleImage|Any CPU.Build.0 = Release|Any CPU
		{C4DE9D3B-5198-4E3B-8757-173EEF174CFC}.CD_ROM|Any CPU.ActiveCfg = Release|Any CPU
		{C4DE9D3B-5198-4E3B-8757-173EEF174CFC}.CD_ROM|Any CPU.Build.0 = Release|Any CPU
		{C4DE9D3B-5198-4E3B-8757-173EEF174CFC}.Debug|Any CPU.ActiveCfg = Debug|Any CPU
		{C4DE9D3B-5198-4E3B-8757-173EEF174CFC}.Debug|Any CPU.Build.0 = Debug|Any CPU
		{C4DE9D3B-5198-4E3B-8757-173EEF174CFC}.DVD-5|Any CPU.ActiveCfg = Debug|Any CPU
		{C4DE9D3B-5198-4E3B-8757-173EEF174CFC}.DVD-5|Any CPU.Build.0 = Debug|Any CPU
		{C4DE9D3B-5198-4E3B-8757-173EEF174CFC}.Release|Any CPU.ActiveCfg = Release|Any CPU
		{C4DE9D3B-5198-4E3B-8757-173EEF174CFC}.Release|Any CPU.Build.0 = Release|Any CPU
		{C4DE9D3B-5198-4E3B-8757-173EEF174CFC}.SingleImage|Any CPU.ActiveCfg = Release|Any CPU
		{C4DE9D3B-5198-4E3B-8757-173EEF174CFC}.SingleImage|Any CPU.Build.0 = Release|Any CPU
		{2B3998FE-16A5-464D-A32D-4E0A613B47FD}.CD_ROM|Any CPU.ActiveCfg = CD_ROM
		{2B3998FE-16A5-464D-A32D-4E0A613B47FD}.CD_ROM|Any CPU.Build.0 = CD_ROM
		{2B3998FE-16A5-464D-A32D-4E0A613B47FD}.Debug|Any CPU.ActiveCfg = DVD-5
		{2B3998FE-16A5-464D-A32D-4E0A613B47FD}.Debug|Any CPU.Build.0 = DVD-5
		{2B3998FE-16A5-464D-A32D-4E0A613B47FD}.DVD-5|Any CPU.ActiveCfg = DVD-5
		{2B3998FE-16A5-464D-A32D-4E0A613B47FD}.DVD-5|Any CPU.Build.0 = DVD-5
		{2B3998FE-16A5-464D-A32D-4E0A613B47FD}.Release|Any CPU.ActiveCfg = SingleImage
		{2B3998FE-16A5-464D-A32D-4E0A613B47FD}.Release|Any CPU.Build.0 = SingleImage
		{2B3998FE-16A5-464D-A32D-4E0A613B47FD}.SingleImage|Any CPU.ActiveCfg = SingleImage
		{2B3998FE-16A5-464D-A32D-4E0A613B47FD}.SingleImage|Any CPU.Build.0 = SingleImage
	EndGlobalSection
	GlobalSection(SolutionProperties) = preSolution
		HideSolutionNode = FALSE
	EndGlobalSection
EndGlobal
